// !$*UTF8*$!
{
	archiveVersion = 1;
	classes = {
	};
	objectVersion = 56;
	objects = {

/* Begin PBXBuildFile section */
		708D925E2B6A0EBC00D26B9F /* FriendListView.swift in Sources */ = {isa = PBXBuildFile; fileRef = 708D925D2B6A0EBC00D26B9F /* FriendListView.swift */; };
		708D92602B6A12D100D26B9F /* FriendsListRouterMock.swift in Sources */ = {isa = PBXBuildFile; fileRef = 708D925F2B6A12D100D26B9F /* FriendsListRouterMock.swift */; };
		708D92622B6A172200D26B9F /* FriendListViewControllerMock.swift in Sources */ = {isa = PBXBuildFile; fileRef = 708D92612B6A172200D26B9F /* FriendListViewControllerMock.swift */; };
		708D92662B6A1E2D00D26B9F /* DataWorkerMock.swift in Sources */ = {isa = PBXBuildFile; fileRef = 708D92652B6A1E2D00D26B9F /* DataWorkerMock.swift */; };
		708D926A2B6A269800D26B9F /* UserDetailsInteractorMock.swift in Sources */ = {isa = PBXBuildFile; fileRef = 708D92692B6A269800D26B9F /* UserDetailsInteractorMock.swift */; };
		708D926C2B6A26AC00D26B9F /* UserDetailsRouterMock.swift in Sources */ = {isa = PBXBuildFile; fileRef = 708D926B2B6A26AC00D26B9F /* UserDetailsRouterMock.swift */; };
		708D926E2B6A26BB00D26B9F /* UserDetailsPresenterMock.swift in Sources */ = {isa = PBXBuildFile; fileRef = 708D926D2B6A26BB00D26B9F /* UserDetailsPresenterMock.swift */; };
		708D92702B6A26C400D26B9F /* UserDetailsViewControllerMock.swift in Sources */ = {isa = PBXBuildFile; fileRef = 708D926F2B6A26C400D26B9F /* UserDetailsViewControllerMock.swift */; };
		708D92722B6A26D000D26B9F /* UserDetailsViewControllerTests.swift in Sources */ = {isa = PBXBuildFile; fileRef = 708D92712B6A26D000D26B9F /* UserDetailsViewControllerTests.swift */; };
		708D92742B6A26D800D26B9F /* UserDetailsInteractorTests.swift in Sources */ = {isa = PBXBuildFile; fileRef = 708D92732B6A26D800D26B9F /* UserDetailsInteractorTests.swift */; };
		708D92762B6A26E300D26B9F /* UserDetailsPresenterTests.swift in Sources */ = {isa = PBXBuildFile; fileRef = 708D92752B6A26E300D26B9F /* UserDetailsPresenterTests.swift */; };
		708D92782B6A26EC00D26B9F /* UserDetailsBuilderTests.swift in Sources */ = {isa = PBXBuildFile; fileRef = 708D92772B6A26EC00D26B9F /* UserDetailsBuilderTests.swift */; };
		70EC38822B6444C3004BA618 /* AppDelegate.swift in Sources */ = {isa = PBXBuildFile; fileRef = 70EC38812B6444C3004BA618 /* AppDelegate.swift */; };
		70EC38842B6444C3004BA618 /* SceneDelegate.swift in Sources */ = {isa = PBXBuildFile; fileRef = 70EC38832B6444C3004BA618 /* SceneDelegate.swift */; };
		70EC388B2B6444C5004BA618 /* Assets.xcassets in Resources */ = {isa = PBXBuildFile; fileRef = 70EC388A2B6444C5004BA618 /* Assets.xcassets */; };
		70EC388E2B6444C6004BA618 /* LaunchScreen.storyboard in Resources */ = {isa = PBXBuildFile; fileRef = 70EC388C2B6444C6004BA618 /* LaunchScreen.storyboard */; };
		70EC38A12B6445C9004BA618 /* FriendsListBuilder.swift in Sources */ = {isa = PBXBuildFile; fileRef = 70EC389B2B6445C9004BA618 /* FriendsListBuilder.swift */; };
		70EC38A22B6445C9004BA618 /* FriendsListInteractor.swift in Sources */ = {isa = PBXBuildFile; fileRef = 70EC389C2B6445C9004BA618 /* FriendsListInteractor.swift */; };
		70EC38A32B6445C9004BA618 /* FriendsListPresenter.swift in Sources */ = {isa = PBXBuildFile; fileRef = 70EC389D2B6445C9004BA618 /* FriendsListPresenter.swift */; };
		70EC38A42B6445C9004BA618 /* FriendsListViewController.swift in Sources */ = {isa = PBXBuildFile; fileRef = 70EC389E2B6445C9004BA618 /* FriendsListViewController.swift */; };
		70EC38A52B6445C9004BA618 /* FriendsListModels.swift in Sources */ = {isa = PBXBuildFile; fileRef = 70EC389F2B6445C9004BA618 /* FriendsListModels.swift */; };
		70EC38A62B6445C9004BA618 /* FriendsListRouter.swift in Sources */ = {isa = PBXBuildFile; fileRef = 70EC38A02B6445C9004BA618 /* FriendsListRouter.swift */; };
		70EC38A92B644694004BA618 /* UserDetailsRouter.swift in Sources */ = {isa = PBXBuildFile; fileRef = 70EC38A82B644694004BA618 /* UserDetailsRouter.swift */; };
		70EC38AB2B64469C004BA618 /* UserDetailsModels.swift in Sources */ = {isa = PBXBuildFile; fileRef = 70EC38AA2B64469C004BA618 /* UserDetailsModels.swift */; };
		70EC38AD2B6446A5004BA618 /* UserDetailsViewController.swift in Sources */ = {isa = PBXBuildFile; fileRef = 70EC38AC2B6446A5004BA618 /* UserDetailsViewController.swift */; };
		70EC38AF2B6446AB004BA618 /* UserDetailsPresenter.swift in Sources */ = {isa = PBXBuildFile; fileRef = 70EC38AE2B6446AB004BA618 /* UserDetailsPresenter.swift */; };
		70EC38B12B6446B6004BA618 /* UserDetailsInteractor.swift in Sources */ = {isa = PBXBuildFile; fileRef = 70EC38B02B6446B6004BA618 /* UserDetailsInteractor.swift */; };
		70EC38B32B6446BD004BA618 /* UserDetailsBuilder.swift in Sources */ = {isa = PBXBuildFile; fileRef = 70EC38B22B6446BD004BA618 /* UserDetailsBuilder.swift */; };
		70EC38B82B645A91004BA618 /* NetworkService.swift in Sources */ = {isa = PBXBuildFile; fileRef = 70EC38B72B645A91004BA618 /* NetworkService.swift */; };
		70EC38BA2B645B6A004BA618 /* DBService.swift in Sources */ = {isa = PBXBuildFile; fileRef = 70EC38B92B645B6A004BA618 /* DBService.swift */; };
		70EC38BD2B645BAB004BA618 /* Realm in Frameworks */ = {isa = PBXBuildFile; productRef = 70EC38BC2B645BAB004BA618 /* Realm */; };
		70EC38BF2B645BAB004BA618 /* RealmSwift in Frameworks */ = {isa = PBXBuildFile; productRef = 70EC38BE2B645BAB004BA618 /* RealmSwift */; };
		70EC38C12B64C8FC004BA618 /* DBModels.swift in Sources */ = {isa = PBXBuildFile; fileRef = 70EC38C02B64C8FC004BA618 /* DBModels.swift */; };
		70EC38C42B64CB93004BA618 /* Models.swift in Sources */ = {isa = PBXBuildFile; fileRef = 70EC38C32B64CB93004BA618 /* Models.swift */; };
		70EC38C72B64ECB6004BA618 /* DataWorker.swift in Sources */ = {isa = PBXBuildFile; fileRef = 70EC38C62B64ECB6004BA618 /* DataWorker.swift */; };
		70EC38D32B6646D6004BA618 /* UserDetailsView.swift in Sources */ = {isa = PBXBuildFile; fileRef = 70EC38D22B6646D6004BA618 /* UserDetailsView.swift */; };
		70EC38D52B6651D6004BA618 /* UserTableViewCell.swift in Sources */ = {isa = PBXBuildFile; fileRef = 70EC38D42B6651D6004BA618 /* UserTableViewCell.swift */; };
		70EC38D92B6655A6004BA618 /* UserViewModel.swift in Sources */ = {isa = PBXBuildFile; fileRef = 70EC38D82B6655A6004BA618 /* UserViewModel.swift */; };
		70ECEAF32B6818DC00312D2F /* UIView+Extensions.swift in Sources */ = {isa = PBXBuildFile; fileRef = 70ECEAF22B6818DC00312D2F /* UIView+Extensions.swift */; };
		70ECEAF52B681AC000312D2F /* UIStackView+Extensions.swift in Sources */ = {isa = PBXBuildFile; fileRef = 70ECEAF42B681AC000312D2F /* UIStackView+Extensions.swift */; };
		70ECEAF82B6830DE00312D2F /* InfoCell.swift in Sources */ = {isa = PBXBuildFile; fileRef = 70ECEAF72B6830DE00312D2F /* InfoCell.swift */; };
		70ECEAFA2B6830EB00312D2F /* AboutCell.swift in Sources */ = {isa = PBXBuildFile; fileRef = 70ECEAF92B6830EB00312D2F /* AboutCell.swift */; };
		70ECEAFC2B6830F600312D2F /* ContactsCell.swift in Sources */ = {isa = PBXBuildFile; fileRef = 70ECEAFB2B6830F600312D2F /* ContactsCell.swift */; };
		70ECEAFE2B68310100312D2F /* LocationCell.swift in Sources */ = {isa = PBXBuildFile; fileRef = 70ECEAFD2B68310100312D2F /* LocationCell.swift */; };
		70ECEB002B68310E00312D2F /* AdditionalInfoCell.swift in Sources */ = {isa = PBXBuildFile; fileRef = 70ECEAFF2B68310E00312D2F /* AdditionalInfoCell.swift */; };
		70ECEB022B68345700312D2F /* UserDetailsHorizontalView.swift in Sources */ = {isa = PBXBuildFile; fileRef = 70ECEB012B68345700312D2F /* UserDetailsHorizontalView.swift */; };
		70ECEB092B694BEF00312D2F /* BinaryFloatingPoint+Extensions.swift in Sources */ = {isa = PBXBuildFile; fileRef = 70ECEB082B694BEF00312D2F /* BinaryFloatingPoint+Extensions.swift */; };
		70ECEB0B2B694BF800312D2F /* CLLocation+Extensions.swift in Sources */ = {isa = PBXBuildFile; fileRef = 70ECEB0A2B694BF800312D2F /* CLLocation+Extensions.swift */; };
		70ECEB342B698CAE00312D2F /* Quick in Frameworks */ = {isa = PBXBuildFile; productRef = 70ECEB332B698CAE00312D2F /* Quick */; };
		70ECEB372B698CC300312D2F /* Nimble in Frameworks */ = {isa = PBXBuildFile; productRef = 70ECEB362B698CC300312D2F /* Nimble */; };
		70ECEB3C2B698D9800312D2F /* FriendListViewControllerTests.swift in Sources */ = {isa = PBXBuildFile; fileRef = 70ECEB3B2B698D9800312D2F /* FriendListViewControllerTests.swift */; };
		70ECEB3E2B698DD500312D2F /* FriendListPresenterTests.swift in Sources */ = {isa = PBXBuildFile; fileRef = 70ECEB3D2B698DD500312D2F /* FriendListPresenterTests.swift */; };
		70ECEB402B698E0600312D2F /* FriendsListInteractorTests.swift in Sources */ = {isa = PBXBuildFile; fileRef = 70ECEB3F2B698E0600312D2F /* FriendsListInteractorTests.swift */; };
		70ECEB442B698E3D00312D2F /* FriendListBuilderTests.swift in Sources */ = {isa = PBXBuildFile; fileRef = 70ECEB432B698E3D00312D2F /* FriendListBuilderTests.swift */; };
		70ECEB462B698EA000312D2F /* FriendListPresenterMock.swift in Sources */ = {isa = PBXBuildFile; fileRef = 70ECEB452B698EA000312D2F /* FriendListPresenterMock.swift */; };
		70ECEB482B698F2400312D2F /* FriendListInteractorMock.swift in Sources */ = {isa = PBXBuildFile; fileRef = 70ECEB472B698F2400312D2F /* FriendListInteractorMock.swift */; };
		70ECEB4A2B69966E00312D2F /* SnapKit in Frameworks */ = {isa = PBXBuildFile; productRef = 70ECEB492B69966E00312D2F /* SnapKit */; };
		70ECEB4C2B69966E00312D2F /* SnapKit-Dynamic in Frameworks */ = {isa = PBXBuildFile; productRef = 70ECEB4B2B69966E00312D2F /* SnapKit-Dynamic */; };
/* End PBXBuildFile section */

/* Begin PBXContainerItemProxy section */
		70ECEB2D2B698C4A00312D2F /* PBXContainerItemProxy */ = {
			isa = PBXContainerItemProxy;
			containerPortal = 70EC38762B6444C3004BA618 /* Project object */;
			proxyType = 1;
			remoteGlobalIDString = 70EC387D2B6444C3004BA618;
			remoteInfo = FriendsBook;
		};
/* End PBXContainerItemProxy section */

/* Begin PBXCopyFilesBuildPhase section */
		70ECEB212B697C5A00312D2F /* Embed Frameworks */ = {
			isa = PBXCopyFilesBuildPhase;
			buildActionMask = 2147483647;
			dstPath = "";
			dstSubfolderSpec = 10;
			files = (
			);
			name = "Embed Frameworks";
			runOnlyForDeploymentPostprocessing = 0;
		};
/* End PBXCopyFilesBuildPhase section */

/* Begin PBXFileReference section */
		708D925D2B6A0EBC00D26B9F /* FriendListView.swift */ = {isa = PBXFileReference; lastKnownFileType = sourcecode.swift; path = FriendListView.swift; sourceTree = "<group>"; };
		708D925F2B6A12D100D26B9F /* FriendsListRouterMock.swift */ = {isa = PBXFileReference; lastKnownFileType = sourcecode.swift; path = FriendsListRouterMock.swift; sourceTree = "<group>"; };
		708D92612B6A172200D26B9F /* FriendListViewControllerMock.swift */ = {isa = PBXFileReference; lastKnownFileType = sourcecode.swift; path = FriendListViewControllerMock.swift; sourceTree = "<group>"; };
		708D92652B6A1E2D00D26B9F /* DataWorkerMock.swift */ = {isa = PBXFileReference; lastKnownFileType = sourcecode.swift; path = DataWorkerMock.swift; sourceTree = "<group>"; };
		708D92692B6A269800D26B9F /* UserDetailsInteractorMock.swift */ = {isa = PBXFileReference; lastKnownFileType = sourcecode.swift; path = UserDetailsInteractorMock.swift; sourceTree = "<group>"; };
		708D926B2B6A26AC00D26B9F /* UserDetailsRouterMock.swift */ = {isa = PBXFileReference; lastKnownFileType = sourcecode.swift; path = UserDetailsRouterMock.swift; sourceTree = "<group>"; };
		708D926D2B6A26BB00D26B9F /* UserDetailsPresenterMock.swift */ = {isa = PBXFileReference; lastKnownFileType = sourcecode.swift; path = UserDetailsPresenterMock.swift; sourceTree = "<group>"; };
		708D926F2B6A26C400D26B9F /* UserDetailsViewControllerMock.swift */ = {isa = PBXFileReference; lastKnownFileType = sourcecode.swift; path = UserDetailsViewControllerMock.swift; sourceTree = "<group>"; };
		708D92712B6A26D000D26B9F /* UserDetailsViewControllerTests.swift */ = {isa = PBXFileReference; lastKnownFileType = sourcecode.swift; path = UserDetailsViewControllerTests.swift; sourceTree = "<group>"; };
		708D92732B6A26D800D26B9F /* UserDetailsInteractorTests.swift */ = {isa = PBXFileReference; lastKnownFileType = sourcecode.swift; path = UserDetailsInteractorTests.swift; sourceTree = "<group>"; };
		708D92752B6A26E300D26B9F /* UserDetailsPresenterTests.swift */ = {isa = PBXFileReference; lastKnownFileType = sourcecode.swift; path = UserDetailsPresenterTests.swift; sourceTree = "<group>"; };
		708D92772B6A26EC00D26B9F /* UserDetailsBuilderTests.swift */ = {isa = PBXFileReference; lastKnownFileType = sourcecode.swift; path = UserDetailsBuilderTests.swift; sourceTree = "<group>"; };
		70EC387E2B6444C3004BA618 /* FriendsBook.app */ = {isa = PBXFileReference; explicitFileType = wrapper.application; includeInIndex = 0; path = FriendsBook.app; sourceTree = BUILT_PRODUCTS_DIR; };
		70EC38812B6444C3004BA618 /* AppDelegate.swift */ = {isa = PBXFileReference; lastKnownFileType = sourcecode.swift; path = AppDelegate.swift; sourceTree = "<group>"; };
		70EC38832B6444C3004BA618 /* SceneDelegate.swift */ = {isa = PBXFileReference; lastKnownFileType = sourcecode.swift; path = SceneDelegate.swift; sourceTree = "<group>"; };
		70EC388A2B6444C5004BA618 /* Assets.xcassets */ = {isa = PBXFileReference; lastKnownFileType = folder.assetcatalog; path = Assets.xcassets; sourceTree = "<group>"; };
		70EC388D2B6444C6004BA618 /* Base */ = {isa = PBXFileReference; lastKnownFileType = file.storyboard; name = Base; path = Base.lproj/LaunchScreen.storyboard; sourceTree = "<group>"; };
		70EC388F2B6444C6004BA618 /* Info.plist */ = {isa = PBXFileReference; lastKnownFileType = text.plist.xml; path = Info.plist; sourceTree = "<group>"; };
		70EC389B2B6445C9004BA618 /* FriendsListBuilder.swift */ = {isa = PBXFileReference; fileEncoding = 4; lastKnownFileType = sourcecode.swift; path = FriendsListBuilder.swift; sourceTree = "<group>"; };
		70EC389C2B6445C9004BA618 /* FriendsListInteractor.swift */ = {isa = PBXFileReference; fileEncoding = 4; lastKnownFileType = sourcecode.swift; path = FriendsListInteractor.swift; sourceTree = "<group>"; };
		70EC389D2B6445C9004BA618 /* FriendsListPresenter.swift */ = {isa = PBXFileReference; fileEncoding = 4; lastKnownFileType = sourcecode.swift; path = FriendsListPresenter.swift; sourceTree = "<group>"; };
		70EC389E2B6445C9004BA618 /* FriendsListViewController.swift */ = {isa = PBXFileReference; fileEncoding = 4; lastKnownFileType = sourcecode.swift; path = FriendsListViewController.swift; sourceTree = "<group>"; };
		70EC389F2B6445C9004BA618 /* FriendsListModels.swift */ = {isa = PBXFileReference; fileEncoding = 4; lastKnownFileType = sourcecode.swift; path = FriendsListModels.swift; sourceTree = "<group>"; };
		70EC38A02B6445C9004BA618 /* FriendsListRouter.swift */ = {isa = PBXFileReference; fileEncoding = 4; lastKnownFileType = sourcecode.swift; path = FriendsListRouter.swift; sourceTree = "<group>"; };
		70EC38A82B644694004BA618 /* UserDetailsRouter.swift */ = {isa = PBXFileReference; lastKnownFileType = sourcecode.swift; path = UserDetailsRouter.swift; sourceTree = "<group>"; };
		70EC38AA2B64469C004BA618 /* UserDetailsModels.swift */ = {isa = PBXFileReference; lastKnownFileType = sourcecode.swift; path = UserDetailsModels.swift; sourceTree = "<group>"; };
		70EC38AC2B6446A5004BA618 /* UserDetailsViewController.swift */ = {isa = PBXFileReference; lastKnownFileType = sourcecode.swift; path = UserDetailsViewController.swift; sourceTree = "<group>"; };
		70EC38AE2B6446AB004BA618 /* UserDetailsPresenter.swift */ = {isa = PBXFileReference; lastKnownFileType = sourcecode.swift; path = UserDetailsPresenter.swift; sourceTree = "<group>"; };
		70EC38B02B6446B6004BA618 /* UserDetailsInteractor.swift */ = {isa = PBXFileReference; lastKnownFileType = sourcecode.swift; path = UserDetailsInteractor.swift; sourceTree = "<group>"; };
		70EC38B22B6446BD004BA618 /* UserDetailsBuilder.swift */ = {isa = PBXFileReference; lastKnownFileType = sourcecode.swift; path = UserDetailsBuilder.swift; sourceTree = "<group>"; };
		70EC38B72B645A91004BA618 /* NetworkService.swift */ = {isa = PBXFileReference; lastKnownFileType = sourcecode.swift; path = NetworkService.swift; sourceTree = "<group>"; };
		70EC38B92B645B6A004BA618 /* DBService.swift */ = {isa = PBXFileReference; lastKnownFileType = sourcecode.swift; path = DBService.swift; sourceTree = "<group>"; };
		70EC38C02B64C8FC004BA618 /* DBModels.swift */ = {isa = PBXFileReference; lastKnownFileType = sourcecode.swift; path = DBModels.swift; sourceTree = "<group>"; };
		70EC38C32B64CB93004BA618 /* Models.swift */ = {isa = PBXFileReference; lastKnownFileType = sourcecode.swift; path = Models.swift; sourceTree = "<group>"; };
		70EC38C62B64ECB6004BA618 /* DataWorker.swift */ = {isa = PBXFileReference; lastKnownFileType = sourcecode.swift; path = DataWorker.swift; sourceTree = "<group>"; };
		70EC38D22B6646D6004BA618 /* UserDetailsView.swift */ = {isa = PBXFileReference; lastKnownFileType = sourcecode.swift; path = UserDetailsView.swift; sourceTree = "<group>"; };
		70EC38D42B6651D6004BA618 /* UserTableViewCell.swift */ = {isa = PBXFileReference; lastKnownFileType = sourcecode.swift; path = UserTableViewCell.swift; sourceTree = "<group>"; };
		70EC38D82B6655A6004BA618 /* UserViewModel.swift */ = {isa = PBXFileReference; lastKnownFileType = sourcecode.swift; path = UserViewModel.swift; sourceTree = "<group>"; };
		70ECEAF22B6818DC00312D2F /* UIView+Extensions.swift */ = {isa = PBXFileReference; lastKnownFileType = sourcecode.swift; path = "UIView+Extensions.swift"; sourceTree = "<group>"; };
		70ECEAF42B681AC000312D2F /* UIStackView+Extensions.swift */ = {isa = PBXFileReference; lastKnownFileType = sourcecode.swift; path = "UIStackView+Extensions.swift"; sourceTree = "<group>"; };
		70ECEAF72B6830DE00312D2F /* InfoCell.swift */ = {isa = PBXFileReference; lastKnownFileType = sourcecode.swift; path = InfoCell.swift; sourceTree = "<group>"; };
		70ECEAF92B6830EB00312D2F /* AboutCell.swift */ = {isa = PBXFileReference; lastKnownFileType = sourcecode.swift; path = AboutCell.swift; sourceTree = "<group>"; };
		70ECEAFB2B6830F600312D2F /* ContactsCell.swift */ = {isa = PBXFileReference; lastKnownFileType = sourcecode.swift; path = ContactsCell.swift; sourceTree = "<group>"; };
		70ECEAFD2B68310100312D2F /* LocationCell.swift */ = {isa = PBXFileReference; lastKnownFileType = sourcecode.swift; path = LocationCell.swift; sourceTree = "<group>"; };
		70ECEAFF2B68310E00312D2F /* AdditionalInfoCell.swift */ = {isa = PBXFileReference; lastKnownFileType = sourcecode.swift; path = AdditionalInfoCell.swift; sourceTree = "<group>"; };
		70ECEB012B68345700312D2F /* UserDetailsHorizontalView.swift */ = {isa = PBXFileReference; lastKnownFileType = sourcecode.swift; path = UserDetailsHorizontalView.swift; sourceTree = "<group>"; };
		70ECEB082B694BEF00312D2F /* BinaryFloatingPoint+Extensions.swift */ = {isa = PBXFileReference; lastKnownFileType = sourcecode.swift; path = "BinaryFloatingPoint+Extensions.swift"; sourceTree = "<group>"; };
		70ECEB0A2B694BF800312D2F /* CLLocation+Extensions.swift */ = {isa = PBXFileReference; lastKnownFileType = sourcecode.swift; path = "CLLocation+Extensions.swift"; sourceTree = "<group>"; };
		70ECEB292B698C4A00312D2F /* FriendsBookTests.xctest */ = {isa = PBXFileReference; explicitFileType = wrapper.cfbundle; includeInIndex = 0; path = FriendsBookTests.xctest; sourceTree = BUILT_PRODUCTS_DIR; };
		70ECEB3B2B698D9800312D2F /* FriendListViewControllerTests.swift */ = {isa = PBXFileReference; lastKnownFileType = sourcecode.swift; path = FriendListViewControllerTests.swift; sourceTree = "<group>"; };
		70ECEB3D2B698DD500312D2F /* FriendListPresenterTests.swift */ = {isa = PBXFileReference; lastKnownFileType = sourcecode.swift; path = FriendListPresenterTests.swift; sourceTree = "<group>"; };
		70ECEB3F2B698E0600312D2F /* FriendsListInteractorTests.swift */ = {isa = PBXFileReference; lastKnownFileType = sourcecode.swift; path = FriendsListInteractorTests.swift; sourceTree = "<group>"; };
		70ECEB432B698E3D00312D2F /* FriendListBuilderTests.swift */ = {isa = PBXFileReference; lastKnownFileType = sourcecode.swift; path = FriendListBuilderTests.swift; sourceTree = "<group>"; };
		70ECEB452B698EA000312D2F /* FriendListPresenterMock.swift */ = {isa = PBXFileReference; lastKnownFileType = sourcecode.swift; path = FriendListPresenterMock.swift; sourceTree = "<group>"; };
		70ECEB472B698F2400312D2F /* FriendListInteractorMock.swift */ = {isa = PBXFileReference; lastKnownFileType = sourcecode.swift; path = FriendListInteractorMock.swift; sourceTree = "<group>"; };
/* End PBXFileReference section */

/* Begin PBXFrameworksBuildPhase section */
		70EC387B2B6444C3004BA618 /* Frameworks */ = {
			isa = PBXFrameworksBuildPhase;
			buildActionMask = 2147483647;
			files = (
				70ECEB4A2B69966E00312D2F /* SnapKit in Frameworks */,
				70EC38BF2B645BAB004BA618 /* RealmSwift in Frameworks */,
				70EC38BD2B645BAB004BA618 /* Realm in Frameworks */,
				70ECEB4C2B69966E00312D2F /* SnapKit-Dynamic in Frameworks */,
			);
			runOnlyForDeploymentPostprocessing = 0;
		};
		70ECEB262B698C4A00312D2F /* Frameworks */ = {
			isa = PBXFrameworksBuildPhase;
			buildActionMask = 2147483647;
			files = (
				70ECEB342B698CAE00312D2F /* Quick in Frameworks */,
				70ECEB372B698CC300312D2F /* Nimble in Frameworks */,
			);
			runOnlyForDeploymentPostprocessing = 0;
		};
/* End PBXFrameworksBuildPhase section */

/* Begin PBXGroup section */
		708D92632B6A1E1B00D26B9F /* Shared */ = {
			isa = PBXGroup;
			children = (
				708D92642B6A1E2000D26B9F /* Workers */,
			);
			path = Shared;
			sourceTree = "<group>";
		};
		708D92642B6A1E2000D26B9F /* Workers */ = {
			isa = PBXGroup;
			children = (
				708D92652B6A1E2D00D26B9F /* DataWorkerMock.swift */,
			);
			path = Workers;
			sourceTree = "<group>";
		};
		708D92672B6A266800D26B9F /* UserDetails */ = {
			isa = PBXGroup;
			children = (
				708D92682B6A267000D26B9F /* Mock */,
				708D92712B6A26D000D26B9F /* UserDetailsViewControllerTests.swift */,
				708D92732B6A26D800D26B9F /* UserDetailsInteractorTests.swift */,
				708D92752B6A26E300D26B9F /* UserDetailsPresenterTests.swift */,
				708D92772B6A26EC00D26B9F /* UserDetailsBuilderTests.swift */,
			);
			path = UserDetails;
			sourceTree = "<group>";
		};
		708D92682B6A267000D26B9F /* Mock */ = {
			isa = PBXGroup;
			children = (
				708D92692B6A269800D26B9F /* UserDetailsInteractorMock.swift */,
				708D926B2B6A26AC00D26B9F /* UserDetailsRouterMock.swift */,
				708D926D2B6A26BB00D26B9F /* UserDetailsPresenterMock.swift */,
				708D926F2B6A26C400D26B9F /* UserDetailsViewControllerMock.swift */,
			);
			path = Mock;
			sourceTree = "<group>";
		};
		70EC38752B6444C3004BA618 = {
			isa = PBXGroup;
			children = (
				70EC38802B6444C3004BA618 /* FriendsBook */,
				70ECEB2A2B698C4A00312D2F /* FriendsBookTests */,
				70EC387F2B6444C3004BA618 /* Products */,
				70ECEB1D2B697C5900312D2F /* Frameworks */,
			);
			sourceTree = "<group>";
		};
		70EC387F2B6444C3004BA618 /* Products */ = {
			isa = PBXGroup;
			children = (
				70EC387E2B6444C3004BA618 /* FriendsBook.app */,
				70ECEB292B698C4A00312D2F /* FriendsBookTests.xctest */,
			);
			name = Products;
			sourceTree = "<group>";
		};
		70EC38802B6444C3004BA618 /* FriendsBook */ = {
			isa = PBXGroup;
			children = (
				70EC38952B64456D004BA618 /* Shared */,
				70EC38962B644578004BA618 /* App */,
				70EC38972B644581004BA618 /* Services */,
				70EC38982B644588004BA618 /* Modules */,
				70EC38992B644590004BA618 /* Sources */,
			);
			path = FriendsBook;
			sourceTree = "<group>";
		};
		70EC38952B64456D004BA618 /* Shared */ = {
			isa = PBXGroup;
			children = (
				70ECEAF12B6818CF00312D2F /* Extensions */,
				70EC38C52B64ECAA004BA618 /* Workers */,
				70EC38C22B64CB89004BA618 /* Models */,
				70EC38B42B645348004BA618 /* Views */,
			);
			path = Shared;
			sourceTree = "<group>";
		};
		70EC38962B644578004BA618 /* App */ = {
			isa = PBXGroup;
			children = (
				70EC38812B6444C3004BA618 /* AppDelegate.swift */,
				70EC38832B6444C3004BA618 /* SceneDelegate.swift */,
			);
			path = App;
			sourceTree = "<group>";
		};
		70EC38972B644581004BA618 /* Services */ = {
			isa = PBXGroup;
			children = (
				70EC38B52B645763004BA618 /* Networking */,
				70EC38B62B645789004BA618 /* DBWorking */,
			);
			path = Services;
			sourceTree = "<group>";
		};
		70EC38982B644588004BA618 /* Modules */ = {
			isa = PBXGroup;
			children = (
				70EC389A2B6445C9004BA618 /* FriendsList */,
				70EC38A72B6445D1004BA618 /* UserDetails */,
			);
			path = Modules;
			sourceTree = "<group>";
		};
		70EC38992B644590004BA618 /* Sources */ = {
			isa = PBXGroup;
			children = (
				70EC388A2B6444C5004BA618 /* Assets.xcassets */,
				70EC388C2B6444C6004BA618 /* LaunchScreen.storyboard */,
				70EC388F2B6444C6004BA618 /* Info.plist */,
			);
			path = Sources;
			sourceTree = "<group>";
		};
		70EC389A2B6445C9004BA618 /* FriendsList */ = {
			isa = PBXGroup;
			children = (
				70EC389B2B6445C9004BA618 /* FriendsListBuilder.swift */,
				70EC389C2B6445C9004BA618 /* FriendsListInteractor.swift */,
				70EC389D2B6445C9004BA618 /* FriendsListPresenter.swift */,
				70EC389E2B6445C9004BA618 /* FriendsListViewController.swift */,
				70EC389F2B6445C9004BA618 /* FriendsListModels.swift */,
				70EC38A02B6445C9004BA618 /* FriendsListRouter.swift */,
				708D925D2B6A0EBC00D26B9F /* FriendListView.swift */,
			);
			path = FriendsList;
			sourceTree = "<group>";
		};
		70EC38A72B6445D1004BA618 /* UserDetails */ = {
			isa = PBXGroup;
			children = (
				70ECEAF62B6830C100312D2F /* View */,
				70EC38B22B6446BD004BA618 /* UserDetailsBuilder.swift */,
				70EC38B02B6446B6004BA618 /* UserDetailsInteractor.swift */,
				70EC38AE2B6446AB004BA618 /* UserDetailsPresenter.swift */,
				70EC38AC2B6446A5004BA618 /* UserDetailsViewController.swift */,
				70EC38AA2B64469C004BA618 /* UserDetailsModels.swift */,
				70EC38A82B644694004BA618 /* UserDetailsRouter.swift */,
				70EC38D22B6646D6004BA618 /* UserDetailsView.swift */,
			);
			path = UserDetails;
			sourceTree = "<group>";
		};
		70EC38B42B645348004BA618 /* Views */ = {
			isa = PBXGroup;
			children = (
				70EC38D42B6651D6004BA618 /* UserTableViewCell.swift */,
				70EC38D82B6655A6004BA618 /* UserViewModel.swift */,
			);
			path = Views;
			sourceTree = "<group>";
		};
		70EC38B52B645763004BA618 /* Networking */ = {
			isa = PBXGroup;
			children = (
				70EC38B72B645A91004BA618 /* NetworkService.swift */,
			);
			path = Networking;
			sourceTree = "<group>";
		};
		70EC38B62B645789004BA618 /* DBWorking */ = {
			isa = PBXGroup;
			children = (
				70EC38B92B645B6A004BA618 /* DBService.swift */,
				70EC38C02B64C8FC004BA618 /* DBModels.swift */,
			);
			path = DBWorking;
			sourceTree = "<group>";
		};
		70EC38C22B64CB89004BA618 /* Models */ = {
			isa = PBXGroup;
			children = (
				70EC38C32B64CB93004BA618 /* Models.swift */,
			);
			path = Models;
			sourceTree = "<group>";
		};
		70EC38C52B64ECAA004BA618 /* Workers */ = {
			isa = PBXGroup;
			children = (
				70EC38C62B64ECB6004BA618 /* DataWorker.swift */,
			);
			path = Workers;
			sourceTree = "<group>";
		};
		70ECEAF12B6818CF00312D2F /* Extensions */ = {
			isa = PBXGroup;
			children = (
				70ECEAF22B6818DC00312D2F /* UIView+Extensions.swift */,
				70ECEAF42B681AC000312D2F /* UIStackView+Extensions.swift */,
				70ECEB082B694BEF00312D2F /* BinaryFloatingPoint+Extensions.swift */,
				70ECEB0A2B694BF800312D2F /* CLLocation+Extensions.swift */,
			);
			path = Extensions;
			sourceTree = "<group>";
		};
		70ECEAF62B6830C100312D2F /* View */ = {
			isa = PBXGroup;
			children = (
				70ECEAF72B6830DE00312D2F /* InfoCell.swift */,
				70ECEAF92B6830EB00312D2F /* AboutCell.swift */,
				70ECEAFB2B6830F600312D2F /* ContactsCell.swift */,
				70ECEAFD2B68310100312D2F /* LocationCell.swift */,
				70ECEAFF2B68310E00312D2F /* AdditionalInfoCell.swift */,
				70ECEB012B68345700312D2F /* UserDetailsHorizontalView.swift */,
			);
			path = View;
			sourceTree = "<group>";
		};
		70ECEB1D2B697C5900312D2F /* Frameworks */ = {
			isa = PBXGroup;
			children = (
			);
			name = Frameworks;
			sourceTree = "<group>";
		};
		70ECEB2A2B698C4A00312D2F /* FriendsBookTests */ = {
			isa = PBXGroup;
			children = (
				708D92632B6A1E1B00D26B9F /* Shared */,
				70ECEB382B698D4900312D2F /* Modules */,
			);
			path = FriendsBookTests;
			sourceTree = "<group>";
		};
		70ECEB382B698D4900312D2F /* Modules */ = {
			isa = PBXGroup;
			children = (
				70ECEB392B698D5500312D2F /* FriendsList */,
				708D92672B6A266800D26B9F /* UserDetails */,
			);
			path = Modules;
			sourceTree = "<group>";
		};
		70ECEB392B698D5500312D2F /* FriendsList */ = {
			isa = PBXGroup;
			children = (
				70ECEB3A2B698D5F00312D2F /* Mock */,
				70ECEB3B2B698D9800312D2F /* FriendListViewControllerTests.swift */,
				70ECEB3D2B698DD500312D2F /* FriendListPresenterTests.swift */,
				70ECEB3F2B698E0600312D2F /* FriendsListInteractorTests.swift */,
				70ECEB432B698E3D00312D2F /* FriendListBuilderTests.swift */,
			);
			path = FriendsList;
			sourceTree = "<group>";
		};
		70ECEB3A2B698D5F00312D2F /* Mock */ = {
			isa = PBXGroup;
			children = (
				70ECEB452B698EA000312D2F /* FriendListPresenterMock.swift */,
				70ECEB472B698F2400312D2F /* FriendListInteractorMock.swift */,
				708D925F2B6A12D100D26B9F /* FriendsListRouterMock.swift */,
				708D92612B6A172200D26B9F /* FriendListViewControllerMock.swift */,
			);
			path = Mock;
			sourceTree = "<group>";
		};
/* End PBXGroup section */

/* Begin PBXNativeTarget section */
		70EC387D2B6444C3004BA618 /* FriendsBook */ = {
			isa = PBXNativeTarget;
			buildConfigurationList = 70EC38922B6444C6004BA618 /* Build configuration list for PBXNativeTarget "FriendsBook" */;
			buildPhases = (
				70EC387B2B6444C3004BA618 /* Frameworks */,
				70EC387A2B6444C3004BA618 /* Sources */,
				70EC387C2B6444C3004BA618 /* Resources */,
				70ECEB212B697C5A00312D2F /* Embed Frameworks */,
			);
			buildRules = (
			);
			dependencies = (
			);
			name = FriendsBook;
			packageProductDependencies = (
				70EC38BC2B645BAB004BA618 /* Realm */,
				70EC38BE2B645BAB004BA618 /* RealmSwift */,
				70ECEB492B69966E00312D2F /* SnapKit */,
				70ECEB4B2B69966E00312D2F /* SnapKit-Dynamic */,
			);
			productName = FriendsBook;
			productReference = 70EC387E2B6444C3004BA618 /* FriendsBook.app */;
			productType = "com.apple.product-type.application";
		};
		70ECEB282B698C4A00312D2F /* FriendsBookTests */ = {
			isa = PBXNativeTarget;
			buildConfigurationList = 70ECEB312B698C4A00312D2F /* Build configuration list for PBXNativeTarget "FriendsBookTests" */;
			buildPhases = (
				70ECEB252B698C4A00312D2F /* Sources */,
				70ECEB262B698C4A00312D2F /* Frameworks */,
				70ECEB272B698C4A00312D2F /* Resources */,
			);
			buildRules = (
			);
			dependencies = (
				70ECEB2E2B698C4A00312D2F /* PBXTargetDependency */,
			);
			name = FriendsBookTests;
			packageProductDependencies = (
				70ECEB332B698CAE00312D2F /* Quick */,
				70ECEB362B698CC300312D2F /* Nimble */,
			);
			productName = FriendsBookTests;
			productReference = 70ECEB292B698C4A00312D2F /* FriendsBookTests.xctest */;
			productType = "com.apple.product-type.bundle.unit-test";
		};
/* End PBXNativeTarget section */

/* Begin PBXProject section */
		70EC38762B6444C3004BA618 /* Project object */ = {
			isa = PBXProject;
			attributes = {
				BuildIndependentTargetsInParallel = 1;
				LastSwiftUpdateCheck = 1520;
				LastUpgradeCheck = 1520;
				TargetAttributes = {
					70EC387D2B6444C3004BA618 = {
						CreatedOnToolsVersion = 15.2;
					};
					70ECEB282B698C4A00312D2F = {
						CreatedOnToolsVersion = 15.2;
						LastSwiftMigration = 1520;
						TestTargetID = 70EC387D2B6444C3004BA618;
					};
				};
			};
			buildConfigurationList = 70EC38792B6444C3004BA618 /* Build configuration list for PBXProject "FriendsBook" */;
			compatibilityVersion = "Xcode 14.0";
			developmentRegion = en;
			hasScannedForEncodings = 0;
			knownRegions = (
				en,
				Base,
			);
			mainGroup = 70EC38752B6444C3004BA618;
			packageReferences = (
				70EC38BB2B645BAB004BA618 /* XCRemoteSwiftPackageReference "realm-swift" */,
				70EC38CA2B656C2A004BA618 /* XCRemoteSwiftPackageReference "SnapKit" */,
				70ECEB322B698CAE00312D2F /* XCRemoteSwiftPackageReference "Quick" */,
				70ECEB352B698CC300312D2F /* XCRemoteSwiftPackageReference "Nimble" */,
			);
			productRefGroup = 70EC387F2B6444C3004BA618 /* Products */;
			projectDirPath = "";
			projectRoot = "";
			targets = (
				70EC387D2B6444C3004BA618 /* FriendsBook */,
				70ECEB282B698C4A00312D2F /* FriendsBookTests */,
			);
		};
/* End PBXProject section */

/* Begin PBXResourcesBuildPhase section */
		70EC387C2B6444C3004BA618 /* Resources */ = {
			isa = PBXResourcesBuildPhase;
			buildActionMask = 2147483647;
			files = (
				70EC388E2B6444C6004BA618 /* LaunchScreen.storyboard in Resources */,
				70EC388B2B6444C5004BA618 /* Assets.xcassets in Resources */,
			);
			runOnlyForDeploymentPostprocessing = 0;
		};
		70ECEB272B698C4A00312D2F /* Resources */ = {
			isa = PBXResourcesBuildPhase;
			buildActionMask = 2147483647;
			files = (
			);
			runOnlyForDeploymentPostprocessing = 0;
		};
/* End PBXResourcesBuildPhase section */

/* Begin PBXSourcesBuildPhase section */
		70EC387A2B6444C3004BA618 /* Sources */ = {
			isa = PBXSourcesBuildPhase;
			buildActionMask = 2147483647;
			files = (
				70EC38A22B6445C9004BA618 /* FriendsListInteractor.swift in Sources */,
				70EC38D52B6651D6004BA618 /* UserTableViewCell.swift in Sources */,
				70EC38C42B64CB93004BA618 /* Models.swift in Sources */,
				70EC38822B6444C3004BA618 /* AppDelegate.swift in Sources */,
				70EC38A62B6445C9004BA618 /* FriendsListRouter.swift in Sources */,
				70EC38C12B64C8FC004BA618 /* DBModels.swift in Sources */,
				70ECEAF32B6818DC00312D2F /* UIView+Extensions.swift in Sources */,
				70EC38AB2B64469C004BA618 /* UserDetailsModels.swift in Sources */,
				70EC38A32B6445C9004BA618 /* FriendsListPresenter.swift in Sources */,
				70ECEAF82B6830DE00312D2F /* InfoCell.swift in Sources */,
				70ECEB022B68345700312D2F /* UserDetailsHorizontalView.swift in Sources */,
				70EC38B32B6446BD004BA618 /* UserDetailsBuilder.swift in Sources */,
				70ECEAFA2B6830EB00312D2F /* AboutCell.swift in Sources */,
				70ECEB092B694BEF00312D2F /* BinaryFloatingPoint+Extensions.swift in Sources */,
				70EC38842B6444C3004BA618 /* SceneDelegate.swift in Sources */,
				70EC38B12B6446B6004BA618 /* UserDetailsInteractor.swift in Sources */,
				70EC38A92B644694004BA618 /* UserDetailsRouter.swift in Sources */,
				70EC38C72B64ECB6004BA618 /* DataWorker.swift in Sources */,
				70ECEB002B68310E00312D2F /* AdditionalInfoCell.swift in Sources */,
				70EC38D32B6646D6004BA618 /* UserDetailsView.swift in Sources */,
				70EC38A42B6445C9004BA618 /* FriendsListViewController.swift in Sources */,
				70EC38B82B645A91004BA618 /* NetworkService.swift in Sources */,
				70EC38AD2B6446A5004BA618 /* UserDetailsViewController.swift in Sources */,
				70ECEAFC2B6830F600312D2F /* ContactsCell.swift in Sources */,
				70ECEAFE2B68310100312D2F /* LocationCell.swift in Sources */,
				70EC38BA2B645B6A004BA618 /* DBService.swift in Sources */,
				70EC38A12B6445C9004BA618 /* FriendsListBuilder.swift in Sources */,
				70EC38AF2B6446AB004BA618 /* UserDetailsPresenter.swift in Sources */,
				70ECEAF52B681AC000312D2F /* UIStackView+Extensions.swift in Sources */,
				708D925E2B6A0EBC00D26B9F /* FriendListView.swift in Sources */,
				70EC38D92B6655A6004BA618 /* UserViewModel.swift in Sources */,
				70ECEB0B2B694BF800312D2F /* CLLocation+Extensions.swift in Sources */,
				70EC38A52B6445C9004BA618 /* FriendsListModels.swift in Sources */,
			);
			runOnlyForDeploymentPostprocessing = 0;
		};
		70ECEB252B698C4A00312D2F /* Sources */ = {
			isa = PBXSourcesBuildPhase;
			buildActionMask = 2147483647;
			files = (
				708D92742B6A26D800D26B9F /* UserDetailsInteractorTests.swift in Sources */,
				70ECEB482B698F2400312D2F /* FriendListInteractorMock.swift in Sources */,
				70ECEB3E2B698DD500312D2F /* FriendListPresenterTests.swift in Sources */,
				708D92722B6A26D000D26B9F /* UserDetailsViewControllerTests.swift in Sources */,
				708D926A2B6A269800D26B9F /* UserDetailsInteractorMock.swift in Sources */,
				708D92702B6A26C400D26B9F /* UserDetailsViewControllerMock.swift in Sources */,
				70ECEB3C2B698D9800312D2F /* FriendListViewControllerTests.swift in Sources */,
				708D92662B6A1E2D00D26B9F /* DataWorkerMock.swift in Sources */,
				70ECEB462B698EA000312D2F /* FriendListPresenterMock.swift in Sources */,
				70ECEB402B698E0600312D2F /* FriendsListInteractorTests.swift in Sources */,
				708D92782B6A26EC00D26B9F /* UserDetailsBuilderTests.swift in Sources */,
				708D92762B6A26E300D26B9F /* UserDetailsPresenterTests.swift in Sources */,
				70ECEB442B698E3D00312D2F /* FriendListBuilderTests.swift in Sources */,
				708D926E2B6A26BB00D26B9F /* UserDetailsPresenterMock.swift in Sources */,
				708D926C2B6A26AC00D26B9F /* UserDetailsRouterMock.swift in Sources */,
				708D92622B6A172200D26B9F /* FriendListViewControllerMock.swift in Sources */,
				708D92602B6A12D100D26B9F /* FriendsListRouterMock.swift in Sources */,
			);
			runOnlyForDeploymentPostprocessing = 0;
		};
/* End PBXSourcesBuildPhase section */

/* Begin PBXTargetDependency section */
		70ECEB2E2B698C4A00312D2F /* PBXTargetDependency */ = {
			isa = PBXTargetDependency;
			target = 70EC387D2B6444C3004BA618 /* FriendsBook */;
			targetProxy = 70ECEB2D2B698C4A00312D2F /* PBXContainerItemProxy */;
		};
/* End PBXTargetDependency section */

/* Begin PBXVariantGroup section */
		70EC388C2B6444C6004BA618 /* LaunchScreen.storyboard */ = {
			isa = PBXVariantGroup;
			children = (
				70EC388D2B6444C6004BA618 /* Base */,
			);
			name = LaunchScreen.storyboard;
			sourceTree = "<group>";
		};
/* End PBXVariantGroup section */

/* Begin XCBuildConfiguration section */
		70EC38902B6444C6004BA618 /* Debug */ = {
			isa = XCBuildConfiguration;
			buildSettings = {
				ALWAYS_SEARCH_USER_PATHS = NO;
				ASSETCATALOG_COMPILER_GENERATE_SWIFT_ASSET_SYMBOL_EXTENSIONS = YES;
				CLANG_ANALYZER_NONNULL = YES;
				CLANG_ANALYZER_NUMBER_OBJECT_CONVERSION = YES_AGGRESSIVE;
				CLANG_CXX_LANGUAGE_STANDARD = "gnu++20";
				CLANG_ENABLE_MODULES = YES;
				CLANG_ENABLE_OBJC_ARC = YES;
				CLANG_ENABLE_OBJC_WEAK = YES;
				CLANG_WARN_BLOCK_CAPTURE_AUTORELEASING = YES;
				CLANG_WARN_BOOL_CONVERSION = YES;
				CLANG_WARN_COMMA = YES;
				CLANG_WARN_CONSTANT_CONVERSION = YES;
				CLANG_WARN_DEPRECATED_OBJC_IMPLEMENTATIONS = YES;
				CLANG_WARN_DIRECT_OBJC_ISA_USAGE = YES_ERROR;
				CLANG_WARN_DOCUMENTATION_COMMENTS = YES;
				CLANG_WARN_EMPTY_BODY = YES;
				CLANG_WARN_ENUM_CONVERSION = YES;
				CLANG_WARN_INFINITE_RECURSION = YES;
				CLANG_WARN_INT_CONVERSION = YES;
				CLANG_WARN_NON_LITERAL_NULL_CONVERSION = YES;
				CLANG_WARN_OBJC_IMPLICIT_RETAIN_SELF = YES;
				CLANG_WARN_OBJC_LITERAL_CONVERSION = YES;
				CLANG_WARN_OBJC_ROOT_CLASS = YES_ERROR;
				CLANG_WARN_QUOTED_INCLUDE_IN_FRAMEWORK_HEADER = YES;
				CLANG_WARN_RANGE_LOOP_ANALYSIS = YES;
				CLANG_WARN_STRICT_PROTOTYPES = YES;
				CLANG_WARN_SUSPICIOUS_MOVE = YES;
				CLANG_WARN_UNGUARDED_AVAILABILITY = YES_AGGRESSIVE;
				CLANG_WARN_UNREACHABLE_CODE = YES;
				CLANG_WARN__DUPLICATE_METHOD_MATCH = YES;
				COPY_PHASE_STRIP = NO;
				DEBUG_INFORMATION_FORMAT = dwarf;
				ENABLE_STRICT_OBJC_MSGSEND = YES;
				ENABLE_TESTABILITY = YES;
				ENABLE_USER_SCRIPT_SANDBOXING = YES;
				GCC_C_LANGUAGE_STANDARD = gnu17;
				GCC_DYNAMIC_NO_PIC = NO;
				GCC_NO_COMMON_BLOCKS = YES;
				GCC_OPTIMIZATION_LEVEL = 0;
				GCC_PREPROCESSOR_DEFINITIONS = (
					"DEBUG=1",
					"$(inherited)",
				);
				GCC_WARN_64_TO_32_BIT_CONVERSION = YES;
				GCC_WARN_ABOUT_RETURN_TYPE = YES_ERROR;
				GCC_WARN_UNDECLARED_SELECTOR = YES;
				GCC_WARN_UNINITIALIZED_AUTOS = YES_AGGRESSIVE;
				GCC_WARN_UNUSED_FUNCTION = YES;
				GCC_WARN_UNUSED_VARIABLE = YES;
				IPHONEOS_DEPLOYMENT_TARGET = 17.2;
				LOCALIZATION_PREFERS_STRING_CATALOGS = YES;
				MTL_ENABLE_DEBUG_INFO = INCLUDE_SOURCE;
				MTL_FAST_MATH = YES;
				ONLY_ACTIVE_ARCH = YES;
				SDKROOT = iphoneos;
				SWIFT_ACTIVE_COMPILATION_CONDITIONS = "DEBUG $(inherited)";
				SWIFT_OPTIMIZATION_LEVEL = "-Onone";
			};
			name = Debug;
		};
		70EC38912B6444C6004BA618 /* Release */ = {
			isa = XCBuildConfiguration;
			buildSettings = {
				ALWAYS_SEARCH_USER_PATHS = NO;
				ASSETCATALOG_COMPILER_GENERATE_SWIFT_ASSET_SYMBOL_EXTENSIONS = YES;
				CLANG_ANALYZER_NONNULL = YES;
				CLANG_ANALYZER_NUMBER_OBJECT_CONVERSION = YES_AGGRESSIVE;
				CLANG_CXX_LANGUAGE_STANDARD = "gnu++20";
				CLANG_ENABLE_MODULES = YES;
				CLANG_ENABLE_OBJC_ARC = YES;
				CLANG_ENABLE_OBJC_WEAK = YES;
				CLANG_WARN_BLOCK_CAPTURE_AUTORELEASING = YES;
				CLANG_WARN_BOOL_CONVERSION = YES;
				CLANG_WARN_COMMA = YES;
				CLANG_WARN_CONSTANT_CONVERSION = YES;
				CLANG_WARN_DEPRECATED_OBJC_IMPLEMENTATIONS = YES;
				CLANG_WARN_DIRECT_OBJC_ISA_USAGE = YES_ERROR;
				CLANG_WARN_DOCUMENTATION_COMMENTS = YES;
				CLANG_WARN_EMPTY_BODY = YES;
				CLANG_WARN_ENUM_CONVERSION = YES;
				CLANG_WARN_INFINITE_RECURSION = YES;
				CLANG_WARN_INT_CONVERSION = YES;
				CLANG_WARN_NON_LITERAL_NULL_CONVERSION = YES;
				CLANG_WARN_OBJC_IMPLICIT_RETAIN_SELF = YES;
				CLANG_WARN_OBJC_LITERAL_CONVERSION = YES;
				CLANG_WARN_OBJC_ROOT_CLASS = YES_ERROR;
				CLANG_WARN_QUOTED_INCLUDE_IN_FRAMEWORK_HEADER = YES;
				CLANG_WARN_RANGE_LOOP_ANALYSIS = YES;
				CLANG_WARN_STRICT_PROTOTYPES = YES;
				CLANG_WARN_SUSPICIOUS_MOVE = YES;
				CLANG_WARN_UNGUARDED_AVAILABILITY = YES_AGGRESSIVE;
				CLANG_WARN_UNREACHABLE_CODE = YES;
				CLANG_WARN__DUPLICATE_METHOD_MATCH = YES;
				COPY_PHASE_STRIP = NO;
				DEBUG_INFORMATION_FORMAT = "dwarf-with-dsym";
				ENABLE_NS_ASSERTIONS = NO;
				ENABLE_STRICT_OBJC_MSGSEND = YES;
				ENABLE_USER_SCRIPT_SANDBOXING = YES;
				GCC_C_LANGUAGE_STANDARD = gnu17;
				GCC_NO_COMMON_BLOCKS = YES;
				GCC_WARN_64_TO_32_BIT_CONVERSION = YES;
				GCC_WARN_ABOUT_RETURN_TYPE = YES_ERROR;
				GCC_WARN_UNDECLARED_SELECTOR = YES;
				GCC_WARN_UNINITIALIZED_AUTOS = YES_AGGRESSIVE;
				GCC_WARN_UNUSED_FUNCTION = YES;
				GCC_WARN_UNUSED_VARIABLE = YES;
				IPHONEOS_DEPLOYMENT_TARGET = 17.2;
				LOCALIZATION_PREFERS_STRING_CATALOGS = YES;
				MTL_ENABLE_DEBUG_INFO = NO;
				MTL_FAST_MATH = YES;
				SDKROOT = iphoneos;
				SWIFT_COMPILATION_MODE = wholemodule;
				VALIDATE_PRODUCT = YES;
			};
			name = Release;
		};
		70EC38932B6444C6004BA618 /* Debug */ = {
			isa = XCBuildConfiguration;
			buildSettings = {
				ASSETCATALOG_COMPILER_APPICON_NAME = AppIcon;
				ASSETCATALOG_COMPILER_GLOBAL_ACCENT_COLOR_NAME = AccentColor;
				CODE_SIGN_STYLE = Automatic;
				CURRENT_PROJECT_VERSION = 1;
				DEVELOPMENT_TEAM = 5Z86D58HPL;
				FUSE_BUILD_SCRIPT_PHASES = NO;
				GENERATE_INFOPLIST_FILE = YES;
				INFOPLIST_FILE = FriendsBook/Sources/Info.plist;
				INFOPLIST_KEY_UIApplicationSupportsIndirectInputEvents = YES;
				INFOPLIST_KEY_UILaunchStoryboardName = LaunchScreen;
				INFOPLIST_KEY_UISupportedInterfaceOrientations_iPad = "UIInterfaceOrientationPortrait UIInterfaceOrientationPortraitUpsideDown UIInterfaceOrientationLandscapeLeft UIInterfaceOrientationLandscapeRight";
				INFOPLIST_KEY_UISupportedInterfaceOrientations_iPhone = "UIInterfaceOrientationPortrait UIInterfaceOrientationLandscapeLeft UIInterfaceOrientationLandscapeRight";
				IPHONEOS_DEPLOYMENT_TARGET = 16;
				LD_RUNPATH_SEARCH_PATHS = (
					"$(inherited)",
					"@executable_path/Frameworks",
				);
				LLVM_LTO = NO;
				MARKETING_VERSION = 1.0;
				PRODUCT_BUNDLE_IDENTIFIER = com.bikmurzin.FriendsBook;
				PRODUCT_NAME = "$(TARGET_NAME)";
				SWIFT_EMIT_LOC_STRINGS = YES;
				SWIFT_VERSION = 5.0;
				TARGETED_DEVICE_FAMILY = "1,2";
			};
			name = Debug;
		};
		70EC38942B6444C6004BA618 /* Release */ = {
			isa = XCBuildConfiguration;
			buildSettings = {
				ASSETCATALOG_COMPILER_APPICON_NAME = AppIcon;
				ASSETCATALOG_COMPILER_GLOBAL_ACCENT_COLOR_NAME = AccentColor;
				CODE_SIGN_STYLE = Automatic;
				CURRENT_PROJECT_VERSION = 1;
				DEVELOPMENT_TEAM = 5Z86D58HPL;
				FUSE_BUILD_SCRIPT_PHASES = NO;
				GENERATE_INFOPLIST_FILE = YES;
				INFOPLIST_FILE = FriendsBook/Sources/Info.plist;
				INFOPLIST_KEY_UIApplicationSupportsIndirectInputEvents = YES;
				INFOPLIST_KEY_UILaunchStoryboardName = LaunchScreen;
				INFOPLIST_KEY_UISupportedInterfaceOrientations_iPad = "UIInterfaceOrientationPortrait UIInterfaceOrientationPortraitUpsideDown UIInterfaceOrientationLandscapeLeft UIInterfaceOrientationLandscapeRight";
				INFOPLIST_KEY_UISupportedInterfaceOrientations_iPhone = "UIInterfaceOrientationPortrait UIInterfaceOrientationLandscapeLeft UIInterfaceOrientationLandscapeRight";
				IPHONEOS_DEPLOYMENT_TARGET = 16;
				LD_RUNPATH_SEARCH_PATHS = (
					"$(inherited)",
					"@executable_path/Frameworks",
				);
				LLVM_LTO = NO;
				MARKETING_VERSION = 1.0;
				PRODUCT_BUNDLE_IDENTIFIER = com.bikmurzin.FriendsBook;
				PRODUCT_NAME = "$(TARGET_NAME)";
				SWIFT_EMIT_LOC_STRINGS = YES;
				SWIFT_VERSION = 5.0;
				TARGETED_DEVICE_FAMILY = "1,2";
			};
			name = Release;
		};
		70ECEB2F2B698C4A00312D2F /* Debug */ = {
			isa = XCBuildConfiguration;
			buildSettings = {
				BUNDLE_LOADER = "$(TEST_HOST)";
				CLANG_ENABLE_MODULES = YES;
				CODE_SIGN_STYLE = Automatic;
				CURRENT_PROJECT_VERSION = 1;
				DEVELOPMENT_TEAM = 5Z86D58HPL;
				GENERATE_INFOPLIST_FILE = YES;
				MARKETING_VERSION = 1.0;
				PRODUCT_BUNDLE_IDENTIFIER = com.bikmurzin.FriendsBookTests;
				PRODUCT_NAME = "$(TARGET_NAME)";
				SWIFT_EMIT_LOC_STRINGS = NO;
				SWIFT_OPTIMIZATION_LEVEL = "-Onone";
				SWIFT_VERSION = 5.0;
				TARGETED_DEVICE_FAMILY = "1,2";
				TEST_HOST = "$(BUILT_PRODUCTS_DIR)/FriendsBook.app/$(BUNDLE_EXECUTABLE_FOLDER_PATH)/FriendsBook";
			};
			name = Debug;
		};
		70ECEB302B698C4A00312D2F /* Release */ = {
			isa = XCBuildConfiguration;
			buildSettings = {
				BUNDLE_LOADER = "$(TEST_HOST)";
				CLANG_ENABLE_MODULES = YES;
				CODE_SIGN_STYLE = Automatic;
				CURRENT_PROJECT_VERSION = 1;
				DEVELOPMENT_TEAM = 5Z86D58HPL;
				GENERATE_INFOPLIST_FILE = YES;
				MARKETING_VERSION = 1.0;
				PRODUCT_BUNDLE_IDENTIFIER = com.bikmurzin.FriendsBookTests;
				PRODUCT_NAME = "$(TARGET_NAME)";
				SWIFT_EMIT_LOC_STRINGS = NO;
				SWIFT_VERSION = 5.0;
				TARGETED_DEVICE_FAMILY = "1,2";
				TEST_HOST = "$(BUILT_PRODUCTS_DIR)/FriendsBook.app/$(BUNDLE_EXECUTABLE_FOLDER_PATH)/FriendsBook";
			};
			name = Release;
		};
/* End XCBuildConfiguration section */

/* Begin XCConfigurationList section */
		70EC38792B6444C3004BA618 /* Build configuration list for PBXProject "FriendsBook" */ = {
			isa = XCConfigurationList;
			buildConfigurations = (
				70EC38902B6444C6004BA618 /* Debug */,
				70EC38912B6444C6004BA618 /* Release */,
			);
			defaultConfigurationIsVisible = 0;
			defaultConfigurationName = Release;
		};
		70EC38922B6444C6004BA618 /* Build configuration list for PBXNativeTarget "FriendsBook" */ = {
			isa = XCConfigurationList;
			buildConfigurations = (
				70EC38932B6444C6004BA618 /* Debug */,
				70EC38942B6444C6004BA618 /* Release */,
			);
			defaultConfigurationIsVisible = 0;
			defaultConfigurationName = Release;
		};
		70ECEB312B698C4A00312D2F /* Build configuration list for PBXNativeTarget "FriendsBookTests" */ = {
			isa = XCConfigurationList;
			buildConfigurations = (
				70ECEB2F2B698C4A00312D2F /* Debug */,
				70ECEB302B698C4A00312D2F /* Release */,
			);
			defaultConfigurationIsVisible = 0;
			defaultConfigurationName = Release;
		};
/* End XCConfigurationList section */

/* Begin XCRemoteSwiftPackageReference section */
		70EC38BB2B645BAB004BA618 /* XCRemoteSwiftPackageReference "realm-swift" */ = {
			isa = XCRemoteSwiftPackageReference;
			repositoryURL = "https://github.com/realm/realm-swift.git";
			requirement = {
				branch = master;
				kind = branch;
			};
		};
		70EC38CA2B656C2A004BA618 /* XCRemoteSwiftPackageReference "SnapKit" */ = {
			isa = XCRemoteSwiftPackageReference;
			repositoryURL = "https://github.com/SnapKit/SnapKit.git";
			requirement = {
				kind = upToNextMajorVersion;
				minimumVersion = 5.7.0;
			};
		};
		70ECEB322B698CAE00312D2F /* XCRemoteSwiftPackageReference "Quick" */ = {
			isa = XCRemoteSwiftPackageReference;
			repositoryURL = "https://github.com/Quick/Quick.git";
			requirement = {
				branch = main;
				kind = branch;
			};
		};
		70ECEB352B698CC300312D2F /* XCRemoteSwiftPackageReference "Nimble" */ = {
			isa = XCRemoteSwiftPackageReference;
			repositoryURL = "https://github.com/Quick/Nimble";
			requirement = {
				branch = main;
				kind = branch;
			};
		};
/* End XCRemoteSwiftPackageReference section */

/* Begin XCSwiftPackageProductDependency section */
		70EC38BC2B645BAB004BA618 /* Realm */ = {
			isa = XCSwiftPackageProductDependency;
			package = 70EC38BB2B645BAB004BA618 /* XCRemoteSwiftPackageReference "realm-swift" */;
			productName = Realm;
		};
		70EC38BE2B645BAB004BA618 /* RealmSwift */ = {
			isa = XCSwiftPackageProductDependency;
			package = 70EC38BB2B645BAB004BA618 /* XCRemoteSwiftPackageReference "realm-swift" */;
			productName = RealmSwift;
		};
		70ECEB332B698CAE00312D2F /* Quick */ = {
			isa = XCSwiftPackageProductDependency;
			package = 70ECEB322B698CAE00312D2F /* XCRemoteSwiftPackageReference "Quick" */;
			productName = Quick;
		};
		70ECEB362B698CC300312D2F /* Nimble */ = {
			isa = XCSwiftPackageProductDependency;
			package = 70ECEB352B698CC300312D2F /* XCRemoteSwiftPackageReference "Nimble" */;
			productName = Nimble;
		};
		70ECEB492B69966E00312D2F /* SnapKit */ = {
			isa = XCSwiftPackageProductDependency;
			package = 70EC38CA2B656C2A004BA618 /* XCRemoteSwiftPackageReference "SnapKit" */;
			productName = SnapKit;
		};
		70ECEB4B2B69966E00312D2F /* SnapKit-Dynamic */ = {
			isa = XCSwiftPackageProductDependency;
			package = 70EC38CA2B656C2A004BA618 /* XCRemoteSwiftPackageReference "SnapKit" */;
			productName = "SnapKit-Dynamic";
		};
/* End XCSwiftPackageProductDependency section */
	};
	rootObject = 70EC38762B6444C3004BA618 /* Project object */;
}
